
Microsoft Visual Studio Solution File, Format Version 12.00
# Visual Studio Version 17
VisualStudioVersion = 17.9.34622.214
MinimumVisualStudioVersion = 10.0.40219.1
Project("{FAE04EC0-301F-11D3-BF4B-00C04F79EFBC}") = "GameFramework", "GameFramework\GameFramework.csproj", "{104D7C3F-2FF0-41B2-AEA0-4ADCC1851D2E}"
EndProject
Global
	GlobalSection(SolutionConfigurationPlatforms) = preSolution
		Debug|Any CPU = Debug|Any CPU
		Release|Any CPU = Release|Any CPU
	EndGlobalSection
	GlobalSection(ProjectConfigurationPlatforms) = postSolution
		{104D7C3F-2FF0-41B2-AEA0-4ADCC1851D2E}.Debug|Any CPU.ActiveCfg = Debug|Any CPU
		{104D7C3F-2FF0-41B2-AEA0-4ADCC1851D2E}.Debug|Any CPU.Build.0 = Debug|Any CPU
		{104D7C3F-2FF0-41B2-AEA0-4ADCC1851D2E}.Release|Any CPU.ActiveCfg = Release|Any CPU
		{104D7C3F-2FF0-41B2-AEA0-4ADCC1851D2E}.Release|Any CPU.Build.0 = Release|Any CPU
	EndGlobalSection
	GlobalSection(SolutionProperties) = preSolution
		HideSolutionNode = FALSE
	EndGlobalSection
	GlobalSection(ExtensibilityGlobals) = postSolution
		SolutionGuid = {A50061B0-F7A4-4222-B526-A887C10AB73B}
	EndGlobalSection
EndGlobal
